// !$*UTF8*$!
{
	archiveVersion = 1;
	classes = {
	};
	objectVersion = 77;
	objects = {

/* Begin PBXContainerItemProxy section */
		BF41B2F32D0B04BC000778F5 /* PBXContainerItemProxy */ = {
			isa = PBXContainerItemProxy;
			containerPortal = BF41B2DA2D0B04B9000778F5 /* Project object */;
			proxyType = 1;
			remoteGlobalIDString = BF41B2E12D0B04B9000778F5;
			remoteInfo = ClockWithSeconds;
		};
		BF41B2FD2D0B04BC000778F5 /* PBXContainerItemProxy */ = {
			isa = PBXContainerItemProxy;
			containerPortal = BF41B2DA2D0B04B9000778F5 /* Project object */;
			proxyType = 1;
			remoteGlobalIDString = BF41B2E12D0B04B9000778F5;
			remoteInfo = ClockWithSeconds;
		};
/* End PBXContainerItemProxy section */

/* Begin PBXFileReference section */
		BF41B2E22D0B04B9000778F5 /* ClockWithSeconds.app */ = {isa = PBXFileReference; explicitFileType = wrapper.application; includeInIndex = 0; path = ClockWithSeconds.app; sourceTree = BUILT_PRODUCTS_DIR; };
		BF41B2F22D0B04BC000778F5 /* ClockWithSecondsTests.xctest */ = {isa = PBXFileReference; explicitFileType = wrapper.cfbundle; includeInIndex = 0; path = ClockWithSecondsTests.xctest; sourceTree = BUILT_PRODUCTS_DIR; };
		BF41B2FC2D0B04BC000778F5 /* ClockWithSecondsUITests.xctest */ = {isa = PBXFileReference; explicitFileType = wrapper.cfbundle; includeInIndex = 0; path = ClockWithSecondsUITests.xctest; sourceTree = BUILT_PRODUCTS_DIR; };
/* End PBXFileReference section */

/* Begin PBXFileSystemSynchronizedRootGroup section */
		BF41B2E42D0B04B9000778F5 /* ClockWithSeconds */ = {
			isa = PBXFileSystemSynchronizedRootGroup;
			path = ClockWithSeconds;
			sourceTree = "<group>";
		};
		BF41B2F52D0B04BC000778F5 /* ClockWithSecondsTests */ = {
			isa = PBXFileSystemSynchronizedRootGroup;
			path = ClockWithSecondsTests;
			sourceTree = "<group>";
		};
		BF41B2FF2D0B04BC000778F5 /* ClockWithSecondsUITests */ = {
			isa = PBXFileSystemSynchronizedRootGroup;
			path = ClockWithSecondsUITests;
			sourceTree = "<group>";
		};
/* End PBXFileSystemSynchronizedRootGroup section */

/* Begin PBXFrameworksBuildPhase section */
		BF41B2DF2D0B04B9000778F5 /* Frameworks */ = {
			isa = PBXFrameworksBuildPhase;
			buildActionMask = 2147483647;
			files = (
			);
			runOnlyForDeploymentPostprocessing = 0;
		};
		BF41B2EF2D0B04BC000778F5 /* Frameworks */ = {
			isa = PBXFrameworksBuildPhase;
			buildActionMask = 2147483647;
			files = (
			);
			runOnlyForDeploymentPostprocessing = 0;
		};
		BF41B2F92D0B04BC000778F5 /* Frameworks */ = {
			isa = PBXFrameworksBuildPhase;
			buildActionMask = 2147483647;
			files = (
			);
			runOnlyForDeploymentPostprocessing = 0;
		};
/* End PBXFrameworksBuildPhase section */

/* Begin PBXGroup section */
		BF41B2D92D0B04B9000778F5 = {
			isa = PBXGroup;
			children = (
				BF41B2E42D0B04B9000778F5 /* ClockWithSeconds */,
				BF41B2F52D0B04BC000778F5 /* ClockWithSecondsTests */,
				BF41B2FF2D0B04BC000778F5 /* ClockWithSecondsUITests */,
				BF41B2E32D0B04B9000778F5 /* Products */,
			);
			sourceTree = "<group>";
		};
		BF41B2E32D0B04B9000778F5 /* Products */ = {
			isa = PBXGroup;
			children = (
				BF41B2E22D0B04B9000778F5 /* ClockWithSeconds.app */,
				BF41B2F22D0B04BC000778F5 /* ClockWithSecondsTests.xctest */,
				BF41B2FC2D0B04BC000778F5 /* ClockWithSecondsUITests.xctest */,
			);
			name = Products;
			sourceTree = "<group>";
		};
/* End PBXGroup section */

/* Begin PBXNativeTarget section */
		BF41B2E12D0B04B9000778F5 /* ClockWithSeconds */ = {
			isa = PBXNativeTarget;
			buildConfigurationList = BF41B3062D0B04BC000778F5 /* Build configuration list for PBXNativeTarget "ClockWithSeconds" */;
			buildPhases = (
				BF41B2DE2D0B04B9000778F5 /* Sources */,
				BF41B2DF2D0B04B9000778F5 /* Frameworks */,
				BF41B2E02D0B04B9000778F5 /* Resources */,
			);
			buildRules = (
			);
			dependencies = (
			);
			fileSystemSynchronizedGroups = (
				BF41B2E42D0B04B9000778F5 /* ClockWithSeconds */,
			);
			name = ClockWithSeconds;
			packageProductDependencies = (
			);
			productName = ClockWithSeconds;
			productReference = BF41B2E22D0B04B9000778F5 /* ClockWithSeconds.app */;
			productType = "com.apple.product-type.application";
		};
		BF41B2F12D0B04BC000778F5 /* ClockWithSecondsTests */ = {
			isa = PBXNativeTarget;
			buildConfigurationList = BF41B3092D0B04BC000778F5 /* Build configuration list for PBXNativeTarget "ClockWithSecondsTests" */;
			buildPhases = (
				BF41B2EE2D0B04BC000778F5 /* Sources */,
				BF41B2EF2D0B04BC000778F5 /* Frameworks */,
				BF41B2F02D0B04BC000778F5 /* Resources */,
			);
			buildRules = (
			);
			dependencies = (
				BF41B2F42D0B04BC000778F5 /* PBXTargetDependency */,
			);
			fileSystemSynchronizedGroups = (
				BF41B2F52D0B04BC000778F5 /* ClockWithSecondsTests */,
			);
			name = ClockWithSecondsTests;
			packageProductDependencies = (
			);
			productName = ClockWithSecondsTests;
			productReference = BF41B2F22D0B04BC000778F5 /* ClockWithSecondsTests.xctest */;
			productType = "com.apple.product-type.bundle.unit-test";
		};
		BF41B2FB2D0B04BC000778F5 /* ClockWithSecondsUITests */ = {
			isa = PBXNativeTarget;
			buildConfigurationList = BF41B30C2D0B04BC000778F5 /* Build configuration list for PBXNativeTarget "ClockWithSecondsUITests" */;
			buildPhases = (
				BF41B2F82D0B04BC000778F5 /* Sources */,
				BF41B2F92D0B04BC000778F5 /* Frameworks */,
				BF41B2FA2D0B04BC000778F5 /* Resources */,
			);
			buildRules = (
			);
			dependencies = (
				BF41B2FE2D0B04BC000778F5 /* PBXTargetDependency */,
			);
			fileSystemSynchronizedGroups = (
				BF41B2FF2D0B04BC000778F5 /* ClockWithSecondsUITests */,
			);
			name = ClockWithSecondsUITests;
			packageProductDependencies = (
			);
			productName = ClockWithSecondsUITests;
			productReference = BF41B2FC2D0B04BC000778F5 /* ClockWithSecondsUITests.xctest */;
			productType = "com.apple.product-type.bundle.ui-testing";
		};
/* End PBXNativeTarget section */

/* Begin PBXProject section */
		BF41B2DA2D0B04B9000778F5 /* Project object */ = {
			isa = PBXProject;
			attributes = {
				BuildIndependentTargetsInParallel = 1;
				LastSwiftUpdateCheck = 1610;
				LastUpgradeCheck = 1610;
				TargetAttributes = {
					BF41B2E12D0B04B9000778F5 = {
						CreatedOnToolsVersion = 16.1;
					};
					BF41B2F12D0B04BC000778F5 = {
						CreatedOnToolsVersion = 16.1;
						TestTargetID = BF41B2E12D0B04B9000778F5;
					};
					BF41B2FB2D0B04BC000778F5 = {
						CreatedOnToolsVersion = 16.1;
						TestTargetID = BF41B2E12D0B04B9000778F5;
					};
				};
			};
			buildConfigurationList = BF41B2DD2D0B04B9000778F5 /* Build configuration list for PBXProject "ClockWithSeconds" */;
			developmentRegion = en;
			hasScannedForEncodings = 0;
			knownRegions = (
				en,
				Base,
			);
			mainGroup = BF41B2D92D0B04B9000778F5;
			minimizedProjectReferenceProxies = 1;
			preferredProjectObjectVersion = 77;
			productRefGroup = BF41B2E32D0B04B9000778F5 /* Products */;
			projectDirPath = "";
			projectRoot = "";
			targets = (
				BF41B2E12D0B04B9000778F5 /* ClockWithSeconds */,
				BF41B2F12D0B04BC000778F5 /* ClockWithSecondsTests */,
				BF41B2FB2D0B04BC000778F5 /* ClockWithSecondsUITests */,
			);
		};
/* End PBXProject section */

/* Begin PBXResourcesBuildPhase section */
		BF41B2E02D0B04B9000778F5 /* Resources */ = {
			isa = PBXResourcesBuildPhase;
			buildActionMask = 2147483647;
			files = (
			);
			runOnlyForDeploymentPostprocessing = 0;
		};
		BF41B2F02D0B04BC000778F5 /* Resources */ = {
			isa = PBXResourcesBuildPhase;
			buildActionMask = 2147483647;
			files = (
			);
			runOnlyForDeploymentPostprocessing = 0;
		};
		BF41B2FA2D0B04BC000778F5 /* Resources */ = {
			isa = PBXResourcesBuildPhase;
			buildActionMask = 2147483647;
			files = (
			);
			runOnlyForDeploymentPostprocessing = 0;
		};
/* End PBXResourcesBuildPhase section */

/* Begin PBXSourcesBuildPhase section */
		BF41B2DE2D0B04B9000778F5 /* Sources */ = {
			isa = PBXSourcesBuildPhase;
			buildActionMask = 2147483647;
			files = (
			);
			runOnlyForDeploymentPostprocessing = 0;
		};
		BF41B2EE2D0B04BC000778F5 /* Sources */ = {
			isa = PBXSourcesBuildPhase;
			buildActionMask = 2147483647;
			files = (
			);
			runOnlyForDeploymentPostprocessing = 0;
		};
		BF41B2F82D0B04BC000778F5 /* Sources */ = {
			isa = PBXSourcesBuildPhase;
			buildActionMask = 2147483647;
			files = (
			);
			runOnlyForDeploymentPostprocessing = 0;
		};
/* End PBXSourcesBuildPhase section */

/* Begin PBXTargetDependency section */
		BF41B2F42D0B04BC000778F5 /* PBXTargetDependency */ = {
			isa = PBXTargetDependency;
			target = BF41B2E12D0B04B9000778F5 /* ClockWithSeconds */;
			targetProxy = BF41B2F32D0B04BC000778F5 /* PBXContainerItemProxy */;
		};
		BF41B2FE2D0B04BC000778F5 /* PBXTargetDependency */ = {
			isa = PBXTargetDependency;
			target = BF41B2E12D0B04B9000778F5 /* ClockWithSeconds */;
			targetProxy = BF41B2FD2D0B04BC000778F5 /* PBXContainerItemProxy */;
		};
/* End PBXTargetDependency section */

/* Begin XCBuildConfiguration section */
		BF41B3042D0B04BC000778F5 /* Debug */ = {
			isa = XCBuildConfiguration;
			buildSettings = {
				ALWAYS_SEARCH_USER_PATHS = NO;
				ASSETCATALOG_COMPILER_GENERATE_SWIFT_ASSET_SYMBOL_EXTENSIONS = YES;
				CLANG_ANALYZER_NONNULL = YES;
				CLANG_ANALYZER_NUMBER_OBJECT_CONVERSION = YES_AGGRESSIVE;
				CLANG_CXX_LANGUAGE_STANDARD = "gnu++20";
				CLANG_ENABLE_MODULES = YES;
				CLANG_ENABLE_OBJC_ARC = YES;
				CLANG_ENABLE_OBJC_WEAK = YES;
				CLANG_WARN_BLOCK_CAPTURE_AUTORELEASING = YES;
				CLANG_WARN_BOOL_CONVERSION = YES;
				CLANG_WARN_COMMA = YES;
				CLANG_WARN_CONSTANT_CONVERSION = YES;
				CLANG_WARN_DEPRECATED_OBJC_IMPLEMENTATIONS = YES;
				CLANG_WARN_DIRECT_OBJC_ISA_USAGE = YES_ERROR;
				CLANG_WARN_DOCUMENTATION_COMMENTS = YES;
				CLANG_WARN_EMPTY_BODY = YES;
				CLANG_WARN_ENUM_CONVERSION = YES;
				CLANG_WARN_INFINITE_RECURSION = YES;
				CLANG_WARN_INT_CONVERSION = YES;
				CLANG_WARN_NON_LITERAL_NULL_CONVERSION = YES;
				CLANG_WARN_OBJC_IMPLICIT_RETAIN_SELF = YES;
				CLANG_WARN_OBJC_LITERAL_CONVERSION = YES;
				CLANG_WARN_OBJC_ROOT_CLASS = YES_ERROR;
				CLANG_WARN_QUOTED_INCLUDE_IN_FRAMEWORK_HEADER = YES;
				CLANG_WARN_RANGE_LOOP_ANALYSIS = YES;
				CLANG_WARN_STRICT_PROTOTYPES = YES;
				CLANG_WARN_SUSPICIOUS_MOVE = YES;
				CLANG_WARN_UNGUARDED_AVAILABILITY = YES_AGGRESSIVE;
				CLANG_WARN_UNREACHABLE_CODE = YES;
				CLANG_WARN__DUPLICATE_METHOD_MATCH = YES;
				COPY_PHASE_STRIP = NO;
				DEBUG_INFORMATION_FORMAT = dwarf;
				ENABLE_STRICT_OBJC_MSGSEND = YES;
				ENABLE_TESTABILITY = YES;
				ENABLE_USER_SCRIPT_SANDBOXING = YES;
				GCC_C_LANGUAGE_STANDARD = gnu17;
				GCC_DYNAMIC_NO_PIC = NO;
				GCC_NO_COMMON_BLOCKS = YES;
				GCC_OPTIMIZATION_LEVEL = 0;
				GCC_PREPROCESSOR_DEFINITIONS = (
					"DEBUG=1",
					"$(inherited)",
				);
				GCC_WARN_64_TO_32_BIT_CONVERSION = YES;
				GCC_WARN_ABOUT_RETURN_TYPE = YES_ERROR;
				GCC_WARN_UNDECLARED_SELECTOR = YES;
				GCC_WARN_UNINITIALIZED_AUTOS = YES_AGGRESSIVE;
				GCC_WARN_UNUSED_FUNCTION = YES;
				GCC_WARN_UNUSED_VARIABLE = YES;
				IPHONEOS_DEPLOYMENT_TARGET = 18.1;
				LOCALIZATION_PREFERS_STRING_CATALOGS = YES;
				MTL_ENABLE_DEBUG_INFO = INCLUDE_SOURCE;
				MTL_FAST_MATH = YES;
				ONLY_ACTIVE_ARCH = YES;
				SDKROOT = iphoneos;
				SWIFT_ACTIVE_COMPILATION_CONDITIONS = "DEBUG $(inherited)";
				SWIFT_OPTIMIZATION_LEVEL = "-Onone";
			};
			name = Debug;
		};
		BF41B3052D0B04BC000778F5 /* Release */ = {
			isa = XCBuildConfiguration;
			buildSettings = {
				ALWAYS_SEARCH_USER_PATHS = NO;
				ASSETCATALOG_COMPILER_GENERATE_SWIFT_ASSET_SYMBOL_EXTENSIONS = YES;
				CLANG_ANALYZER_NONNULL = YES;
				CLANG_ANALYZER_NUMBER_OBJECT_CONVERSION = YES_AGGRESSIVE;
				CLANG_CXX_LANGUAGE_STANDARD = "gnu++20";
				CLANG_ENABLE_MODULES = YES;
				CLANG_ENABLE_OBJC_ARC = YES;
				CLANG_ENABLE_OBJC_WEAK = YES;
				CLANG_WARN_BLOCK_CAPTURE_AUTORELEASING = YES;
				CLANG_WARN_BOOL_CONVERSION = YES;
				CLANG_WARN_COMMA = YES;
				CLANG_WARN_CONSTANT_CONVERSION = YES;
				CLANG_WARN_DEPRECATED_OBJC_IMPLEMENTATIONS = YES;
				CLANG_WARN_DIRECT_OBJC_ISA_USAGE = YES_ERROR;
				CLANG_WARN_DOCUMENTATION_COMMENTS = YES;
				CLANG_WARN_EMPTY_BODY = YES;
				CLANG_WARN_ENUM_CONVERSION = YES;
				CLANG_WARN_INFINITE_RECURSION = YES;
				CLANG_WARN_INT_CONVERSION = YES;
				CLANG_WARN_NON_LITERAL_NULL_CONVERSION = YES;
				CLANG_WARN_OBJC_IMPLICIT_RETAIN_SELF = YES;
				CLANG_WARN_OBJC_LITERAL_CONVERSION = YES;
				CLANG_WARN_OBJC_ROOT_CLASS = YES_ERROR;
				CLANG_WARN_QUOTED_INCLUDE_IN_FRAMEWORK_HEADER = YES;
				CLANG_WARN_RANGE_LOOP_ANALYSIS = YES;
				CLANG_WARN_STRICT_PROTOTYPES = YES;
				CLANG_WARN_SUSPICIOUS_MOVE = YES;
				CLANG_WARN_UNGUARDED_AVAILABILITY = YES_AGGRESSIVE;
				CLANG_WARN_UNREACHABLE_CODE = YES;
				CLANG_WARN__DUPLICATE_METHOD_MATCH = YES;
				COPY_PHASE_STRIP = NO;
				DEBUG_INFORMATION_FORMAT = "dwarf-with-dsym";
				ENABLE_NS_ASSERTIONS = NO;
				ENABLE_STRICT_OBJC_MSGSEND = YES;
				ENABLE_USER_SCRIPT_SANDBOXING = YES;
				GCC_C_LANGUAGE_STANDARD = gnu17;
				GCC_NO_COMMON_BLOCKS = YES;
				GCC_WARN_64_TO_32_BIT_CONVERSION = YES;
				GCC_WARN_ABOUT_RETURN_TYPE = YES_ERROR;
				GCC_WARN_UNDECLARED_SELECTOR = YES;
				GCC_WARN_UNINITIALIZED_AUTOS = YES_AGGRESSIVE;
				GCC_WARN_UNUSED_FUNCTION = YES;
				GCC_WARN_UNUSED_VARIABLE = YES;
				IPHONEOS_DEPLOYMENT_TARGET = 18.1;
				LOCALIZATION_PREFERS_STRING_CATALOGS = YES;
				MTL_ENABLE_DEBUG_INFO = NO;
				MTL_FAST_MATH = YES;
				SDKROOT = iphoneos;
				SWIFT_COMPILATION_MODE = wholemodule;
				VALIDATE_PRODUCT = YES;
			};
			name = Release;
		};
		BF41B3072D0B04BC000778F5 /* Debug */ = {
			isa = XCBuildConfiguration;
			buildSettings = {
				ASSETCATALOG_COMPILER_APPICON_NAME = AppIcon;
				ASSETCATALOG_COMPILER_GLOBAL_ACCENT_COLOR_NAME = AccentColor;
				ASSETCATALOG_COMPILER_INCLUDE_ALL_APPICON_ASSETS = YES;
				CODE_SIGN_STYLE = Automatic;
				CURRENT_PROJECT_VERSION = 1;
				DEVELOPMENT_ASSET_PATHS = "\"ClockWithSeconds/Preview Content\"";
				DEVELOPMENT_TEAM = 3FV25L4CU2;
				ENABLE_PREVIEWS = YES;
				GENERATE_INFOPLIST_FILE = YES;
				INFOPLIST_KEY_CFBundleDisplayName = ClockWithSeconds;
				INFOPLIST_KEY_LSApplicationCategoryType = "public.app-category.utilities";
				INFOPLIST_KEY_UIApplicationSceneManifest_Generation = YES;
				INFOPLIST_KEY_UIApplicationSupportsIndirectInputEvents = YES;
				INFOPLIST_KEY_UILaunchScreen_Generation = YES;
				INFOPLIST_KEY_UISupportedInterfaceOrientations_iPad = "UIInterfaceOrientationPortrait UIInterfaceOrientationPortraitUpsideDown UIInterfaceOrientationLandscapeLeft UIInterfaceOrientationLandscapeRight";
				INFOPLIST_KEY_UISupportedInterfaceOrientations_iPhone = "UIInterfaceOrientationPortrait UIInterfaceOrientationLandscapeLeft UIInterfaceOrientationLandscapeRight";
				LD_RUNPATH_SEARCH_PATHS = (
					"$(inherited)",
					"@executable_path/Frameworks",
				);
				MARKETING_VERSION = 1.0.1;
				PRODUCT_BUNDLE_IDENTIFIER = "org.vin-dit.ClockWithSeconds";
				PRODUCT_NAME = "$(TARGET_NAME)";
				SUPPORTED_PLATFORMS = "iphoneos iphonesimulator";
				SUPPORTS_MACCATALYST = NO;
				SUPPORTS_MAC_DESIGNED_FOR_IPHONE_IPAD = NO;
				SUPPORTS_XR_DESIGNED_FOR_IPHONE_IPAD = NO;
				SWIFT_EMIT_LOC_STRINGS = YES;
				SWIFT_VERSION = 5.0;
				TARGETED_DEVICE_FAMILY = "1,2";
			};
			name = Debug;
		};
		BF41B3082D0B04BC000778F5 /* Release */ = {
			isa = XCBuildConfiguration;
			buildSettings = {
				ASSETCATALOG_COMPILER_APPICON_NAME = AppIcon;
				ASSETCATALOG_COMPILER_GLOBAL_ACCENT_COLOR_NAME = AccentColor;
				ASSETCATALOG_COMPILER_INCLUDE_ALL_APPICON_ASSETS = YES;
				CODE_SIGN_STYLE = Automatic;
				CURRENT_PROJECT_VERSION = 1;
				DEVELOPMENT_ASSET_PATHS = "\"ClockWithSeconds/Preview Content\"";
				DEVELOPMENT_TEAM = 3FV25L4CU2;
				ENABLE_PREVIEWS = YES;
				GENERATE_INFOPLIST_FILE = YES;
				INFOPLIST_KEY_CFBundleDisplayName = ClockWithSeconds;
				INFOPLIST_KEY_LSApplicationCategoryType = "public.app-category.utilities";
				INFOPLIST_KEY_UIApplicationSceneManifest_Generation = YES;
				INFOPLIST_KEY_UIApplicationSupportsIndirectInputEvents = YES;
				INFOPLIST_KEY_UILaunchScreen_Generation = YES;
				INFOPLIST_KEY_UISupportedInterfaceOrientations_iPad = "UIInterfaceOrientationPortrait UIInterfaceOrientationPortraitUpsideDown UIInterfaceOrientationLandscapeLeft UIInterfaceOrientationLandscapeRight";
				INFOPLIST_KEY_UISupportedInterfaceOrientations_iPhone = "UIInterfaceOrientationPortrait UIInterfaceOrientationLandscapeLeft UIInterfaceOrientationLandscapeRight";
				LD_RUNPATH_SEARCH_PATHS = (
					"$(inherited)",
					"@executable_path/Frameworks",
				);
				MARKETING_VERSION = 1.0.1;
				PRODUCT_BUNDLE_IDENTIFIER = "org.vin-dit.ClockWithSeconds";
				PRODUCT_NAME = "$(TARGET_NAME)";
				SUPPORTED_PLATFORMS = "iphoneos iphonesimulator";
				SUPPORTS_MACCATALYST = NO;
				SUPPORTS_MAC_DESIGNED_FOR_IPHONE_IPAD = NO;
				SUPPORTS_XR_DESIGNED_FOR_IPHONE_IPAD = NO;
				SWIFT_EMIT_LOC_STRINGS = YES;
				SWIFT_VERSION = 5.0;
				TARGETED_DEVICE_FAMILY = "1,2";
			};
			name = Release;
		};
		BF41B30A2D0B04BC000778F5 /* Debug */ = {
			isa = XCBuildConfiguration;
			buildSettings = {
				BUNDLE_LOADER = "$(TEST_HOST)";
				CODE_SIGN_STYLE = Automatic;
				CURRENT_PROJECT_VERSION = 1;
				DEVELOPMENT_TEAM = 3FV25L4CU2;
				GENERATE_INFOPLIST_FILE = YES;
				IPHONEOS_DEPLOYMENT_TARGET = 18.1;
				MARKETING_VERSION = 1.0;
				PRODUCT_BUNDLE_IDENTIFIER = "org.vin-dit.ClockWithSeconds";
				PRODUCT_NAME = "$(TARGET_NAME)";
				SWIFT_EMIT_LOC_STRINGS = NO;
				SWIFT_VERSION = 5.0;
				TARGETED_DEVICE_FAMILY = "1,2";
				TEST_HOST = "$(BUILT_PRODUCTS_DIR)/ClockWithSeconds.app/$(BUNDLE_EXECUTABLE_FOLDER_PATH)/ClockWithSeconds";
			};
			name = Debug;
		};
		BF41B30B2D0B04BC000778F5 /* Release */ = {
			isa = XCBuildConfiguration;
			buildSettings = {
				BUNDLE_LOADER = "$(TEST_HOST)";
				CODE_SIGN_STYLE = Automatic;
				CURRENT_PROJECT_VERSION = 1;
				DEVELOPMENT_TEAM = 3FV25L4CU2;
				GENERATE_INFOPLIST_FILE = YES;
				IPHONEOS_DEPLOYMENT_TARGET = 18.1;
				MARKETING_VERSION = 1.0;
				PRODUCT_BUNDLE_IDENTIFIER = "org.vin-dit.ClockWithSeconds";
				PRODUCT_NAME = "$(TARGET_NAME)";
				SWIFT_EMIT_LOC_STRINGS = NO;
				SWIFT_VERSION = 5.0;
				TARGETED_DEVICE_FAMILY = "1,2";
				TEST_HOST = "$(BUILT_PRODUCTS_DIR)/ClockWithSeconds.app/$(BUNDLE_EXECUTABLE_FOLDER_PATH)/ClockWithSeconds";
			};
			name = Release;
		};
		BF41B30D2D0B04BC000778F5 /* Debug */ = {
			isa = XCBuildConfiguration;
			buildSettings = {
				CODE_SIGN_STYLE = Automatic;
				CURRENT_PROJECT_VERSION = 1;
				DEVELOPMENT_TEAM = 3FV25L4CU2;
				GENERATE_INFOPLIST_FILE = YES;
				MARKETING_VERSION = 1.0;
				PRODUCT_BUNDLE_IDENTIFIER = "org.vin-dit.ClockWithSecondsUITests";
				PRODUCT_NAME = "$(TARGET_NAME)";
				SWIFT_EMIT_LOC_STRINGS = NO;
				SWIFT_VERSION = 5.0;
				TARGETED_DEVICE_FAMILY = "1,2";
				TEST_TARGET_NAME = ClockWithSeconds;
			};
			name = Debug;
		};
		BF41B30E2D0B04BC000778F5 /* Release */ = {
			isa = XCBuildConfiguration;
			buildSettings = {
				CODE_SIGN_STYLE = Automatic;
				CURRENT_PROJECT_VERSION = 1;
				DEVELOPMENT_TEAM = 3FV25L4CU2;
				GENERATE_INFOPLIST_FILE = YES;
				MARKETING_VERSION = 1.0;
				PRODUCT_BUNDLE_IDENTIFIER = "org.vin-dit.ClockWithSecondsUITests";
				PRODUCT_NAME = "$(TARGET_NAME)";
				SWIFT_EMIT_LOC_STRINGS = NO;
				SWIFT_VERSION = 5.0;
				TARGETED_DEVICE_FAMILY = "1,2";
				TEST_TARGET_NAME = ClockWithSeconds;
			};
			name = Release;
		};
/* End XCBuildConfiguration section */

/* Begin XCConfigurationList section */
		BF41B2DD2D0B04B9000778F5 /* Build configuration list for PBXProject "ClockWithSeconds" */ = {
			isa = XCConfigurationList;
			buildConfigurations = (
				BF41B3042D0B04BC000778F5 /* Debug */,
				BF41B3052D0B04BC000778F5 /* Release */,
			);
			defaultConfigurationIsVisible = 0;
			defaultConfigurationName = Release;
		};
		BF41B3062D0B04BC000778F5 /* Build configuration list for PBXNativeTarget "ClockWithSeconds" */ = {
			isa = XCConfigurationList;
			buildConfigurations = (
				BF41B3072D0B04BC000778F5 /* Debug */,
				BF41B3082D0B04BC000778F5 /* Release */,
			);
			defaultConfigurationIsVisible = 0;
			defaultConfigurationName = Release;
		};
		BF41B3092D0B04BC000778F5 /* Build configuration list for PBXNativeTarget "ClockWithSecondsTests" */ = {
			isa = XCConfigurationList;
			buildConfigurations = (
				BF41B30A2D0B04BC000778F5 /* Debug */,
				BF41B30B2D0B04BC000778F5 /* Release */,
			);
			defaultConfigurationIsVisible = 0;
			defaultConfigurationName = Release;
		};
		BF41B30C2D0B04BC000778F5 /* Build configuration list for PBXNativeTarget "ClockWithSecondsUITests" */ = {
			isa = XCConfigurationList;
			buildConfigurations = (
				BF41B30D2D0B04BC000778F5 /* Debug */,
				BF41B30E2D0B04BC000778F5 /* Release */,
			);
			defaultConfigurationIsVisible = 0;
			defaultConfigurationName = Release;
		};
/* End XCConfigurationList section */
	};
	rootObject = BF41B2DA2D0B04B9000778F5 /* Project object */;
}
